
Microsoft Visual Studio Solution File, Format Version 12.00
# Visual Studio Version 17
VisualStudioVersion = 17.0.31903.59
MinimumVisualStudioVersion = 10.0.40219.1
Project("{2150E333-8FDC-42A3-9474-1A3956D46DE8}") = "src", "src", "{0393EA58-1BDB-4C69-AA40-3F2C1B42AA9D}"
EndProject
Project("{2150E333-8FDC-42A3-9474-1A3956D46DE8}") = "backend", "backend", "{885C392A-12F4-48BE-88E7-71E37680C157}"
EndProject
Project("{FAE04EC0-301F-11D3-BF4B-00C04F79EFBC}") = "Api", "src\backend\Api\Api.csproj", "{1F2D4DC8-CC65-4CF3-948E-833334940973}"
EndProject
Project("{FAE04EC0-301F-11D3-BF4B-00C04F79EFBC}") = "Infrastructure", "src\backend\Infrastructure\Infrastructure.csproj", "{58CD4F2C-9A5B-4330-A699-0D055727DB94}"
EndProject
Project("{FAE04EC0-301F-11D3-BF4B-00C04F79EFBC}") = "Domain", "src\backend\Domain\Domain.csproj", "{568B9E59-008E-47AB-86F3-D6EE9174ACD0}"
EndProject
Global
	GlobalSection(SolutionConfigurationPlatforms) = preSolution
		Debug|Any CPU = Debug|Any CPU
		Release|Any CPU = Release|Any CPU
	EndGlobalSection
	GlobalSection(SolutionProperties) = preSolution
		HideSolutionNode = FALSE
	EndGlobalSection
	GlobalSection(ProjectConfigurationPlatforms) = postSolution
		{1F2D4DC8-CC65-4CF3-948E-833334940973}.Debug|Any CPU.ActiveCfg = Debug|Any CPU
		{1F2D4DC8-CC65-4CF3-948E-833334940973}.Debug|Any CPU.Build.0 = Debug|Any CPU
		{1F2D4DC8-CC65-4CF3-948E-833334940973}.Release|Any CPU.ActiveCfg = Release|Any CPU
		{1F2D4DC8-CC65-4CF3-948E-833334940973}.Release|Any CPU.Build.0 = Release|Any CPU
		{58CD4F2C-9A5B-4330-A699-0D055727DB94}.Debug|Any CPU.ActiveCfg = Debug|Any CPU
		{58CD4F2C-9A5B-4330-A699-0D055727DB94}.Debug|Any CPU.Build.0 = Debug|Any CPU
		{58CD4F2C-9A5B-4330-A699-0D055727DB94}.Release|Any CPU.ActiveCfg = Release|Any CPU
		{58CD4F2C-9A5B-4330-A699-0D055727DB94}.Release|Any CPU.Build.0 = Release|Any CPU
		{568B9E59-008E-47AB-86F3-D6EE9174ACD0}.Debug|Any CPU.ActiveCfg = Debug|Any CPU
		{568B9E59-008E-47AB-86F3-D6EE9174ACD0}.Debug|Any CPU.Build.0 = Debug|Any CPU
		{568B9E59-008E-47AB-86F3-D6EE9174ACD0}.Release|Any CPU.ActiveCfg = Release|Any CPU
		{568B9E59-008E-47AB-86F3-D6EE9174ACD0}.Release|Any CPU.Build.0 = Release|Any CPU
	EndGlobalSection
	GlobalSection(NestedProjects) = preSolution
		{885C392A-12F4-48BE-88E7-71E37680C157} = {0393EA58-1BDB-4C69-AA40-3F2C1B42AA9D}
		{1F2D4DC8-CC65-4CF3-948E-833334940973} = {885C392A-12F4-48BE-88E7-71E37680C157}
		{58CD4F2C-9A5B-4330-A699-0D055727DB94} = {885C392A-12F4-48BE-88E7-71E37680C157}
		{568B9E59-008E-47AB-86F3-D6EE9174ACD0} = {885C392A-12F4-48BE-88E7-71E37680C157}
	EndGlobalSection
EndGlobal
